lockfileVersion: '1.0'
skills:
  skillctl:
    specifier: file:./.skillctl/skills/skillctl
    resolved: file:./.skillctl/skills/skillctl
    integrity: sha256:75d3c40b4f76e1121cc1f8c7fa1513e96f7c7384ef9aeb6ae3869ccc0abb217c
    name: skillctl
    canonicalPath: .skillctl/skills/skillctl
    fetchedAt: '2026-07-14T10:45:34.900Z'
    provenance:
      type: local
