lockfileVersion: '1.0'
skills:
  leogriel:
    specifier: file:./.leogriel/skills/leogriel
    resolved: file:./.leogriel/skills/leogriel
    integrity: sha256:fd476b3f0bab0825b42d533fe8959b2d4e4fd7674170cfd71b2fd53c54a5d820
    name: leogriel
    canonicalPath: .leogriel/skills/leogriel
    fetchedAt: '2026-07-18T20:55:14.462Z'
    provenance:
      type: local
